
Microsoft Visual Studio Solution File, Format Version 12.00
# Visual Studio 15
VisualStudioVersion = 15.0.28307.902
MinimumVisualStudioVersion = 10.0.40219.1
Project("{FAE04EC0-301F-11D3-BF4B-00C04F79EFBC}") = "WindowsFormsApp14", "WindowsFormsApp14\WindowsFormsApp14.csproj", "{7B2E23B7-44DB-458A-B21C-F3CEA2D078AE}"
EndProject
Global
	GlobalSection(SolutionConfigurationPlatforms) = preSolution
		Debug|Any CPU = Debug|Any CPU
		Release|Any CPU = Release|Any CPU
	EndGlobalSection
	GlobalSection(ProjectConfigurationPlatforms) = postSolution
		{7B2E23B7-44DB-458A-B21C-F3CEA2D078AE}.Debug|Any CPU.ActiveCfg = Debug|Any CPU
		{7B2E23B7-44DB-458A-B21C-F3CEA2D078AE}.Debug|Any CPU.Build.0 = Debug|Any CPU
		{7B2E23B7-44DB-458A-B21C-F3CEA2D078AE}.Release|Any CPU.ActiveCfg = Release|Any CPU
		{7B2E23B7-44DB-458A-B21C-F3CEA2D078AE}.Release|Any CPU.Build.0 = Release|Any CPU
	EndGlobalSection
	GlobalSection(SolutionProperties) = preSolution
		HideSolutionNode = FALSE
	EndGlobalSection
	GlobalSection(ExtensibilityGlobals) = postSolution
		SolutionGuid = {460441EA-1A80-4941-A4F9-20D99348D84C}
	EndGlobalSection
EndGlobal
